
Microsoft Visual Studio Solution File, Format Version 12.00
# Visual Studio 15
VisualStudioVersion = 15.0.28307.329
MinimumVisualStudioVersion = 10.0.40219.1
Project("{8BC9CEB8-8B4A-11D0-8D11-00A0C91BC942}") = "Win32Airgameadv", "Win32Airgameadv.vcxproj", "{6FDF3C3A-9546-449E-A4F6-65D088757C8C}"
EndProject
Global
	GlobalSection(SolutionConfigurationPlatforms) = preSolution
		Debug|x64 = Debug|x64
		Debug|x86 = Debug|x86
		Release|x64 = Release|x64
		Release|x86 = Release|x86
	EndGlobalSection
	GlobalSection(ProjectConfigurationPlatforms) = postSolution
		{6FDF3C3A-9546-449E-A4F6-65D088757C8C}.Debug|x64.ActiveCfg = Debug|x64
		{6FDF3C3A-9546-449E-A4F6-65D088757C8C}.Debug|x64.Build.0 = Debug|x64
		{6FDF3C3A-9546-449E-A4F6-65D088757C8C}.Debug|x86.ActiveCfg = Debug|Win32
		{6FDF3C3A-9546-449E-A4F6-65D088757C8C}.Debug|x86.Build.0 = Debug|Win32
		{6FDF3C3A-9546-449E-A4F6-65D088757C8C}.Release|x64.ActiveCfg = Release|x64
		{6FDF3C3A-9546-449E-A4F6-65D088757C8C}.Release|x64.Build.0 = Release|x64
		{6FDF3C3A-9546-449E-A4F6-65D088757C8C}.Release|x86.ActiveCfg = Release|Win32
		{6FDF3C3A-9546-449E-A4F6-65D088757C8C}.Release|x86.Build.0 = Release|Win32
	EndGlobalSection
	GlobalSection(SolutionProperties) = preSolution
		HideSolutionNode = FALSE
	EndGlobalSection
	GlobalSection(ExtensibilityGlobals) = postSolution
		SolutionGuid = {776A6E1C-707D-4291-8784-0346FB37916E}
	EndGlobalSection
EndGlobal
